
Microsoft Visual Studio Solution File, Format Version 12.00
# Visual Studio Version 17
VisualStudioVersion = 17.13.35931.197
MinimumVisualStudioVersion = 10.0.40219.1
Project("{8BC9CEB8-8B4A-11D0-8D11-00A0C91BC942}") = "RawInput_Fix", "RawInput_Fix.vcxproj", "{D6008D3B-F982-41E1-894C-7D796D17A2C8}"
EndProject
Project("{8BC9CEB8-8B4A-11D0-8D11-00A0C91BC942}") = "RawInput_Launcher", "..\RawInput_Launcher\RawInput_Launcher.vcxproj", "{3704BB20-6CDB-4EB8-9053-8D94F98E831E}"
EndProject
Project("{8BC9CEB8-8B4A-11D0-8D11-00A0C91BC942}") = "RawInput_Monitor", "..\RawInput_Monitor\RawInput_Monitor.vcxproj", "{254F1853-D8F9-4816-9521-41EA32D0DB57}"
EndProject
Global
	GlobalSection(SolutionConfigurationPlatforms) = preSolution
		Debug|x64 = Debug|x64
		Debug|x86 = Debug|x86
		Release|x64 = Release|x64
		Release|x86 = Release|x86
	EndGlobalSection
	GlobalSection(ProjectConfigurationPlatforms) = postSolution
		{D6008D3B-F982-41E1-894C-7D796D17A2C8}.Debug|x64.ActiveCfg = Debug|x64
		{D6008D3B-F982-41E1-894C-7D796D17A2C8}.Debug|x64.Build.0 = Debug|x64
		{D6008D3B-F982-41E1-894C-7D796D17A2C8}.Debug|x86.ActiveCfg = Debug|Win32
		{D6008D3B-F982-41E1-894C-7D796D17A2C8}.Debug|x86.Build.0 = Debug|Win32
		{D6008D3B-F982-41E1-894C-7D796D17A2C8}.Release|x64.ActiveCfg = Release|x64
		{D6008D3B-F982-41E1-894C-7D796D17A2C8}.Release|x64.Build.0 = Release|x64
		{D6008D3B-F982-41E1-894C-7D796D17A2C8}.Release|x86.ActiveCfg = Release|Win32
		{D6008D3B-F982-41E1-894C-7D796D17A2C8}.Release|x86.Build.0 = Release|Win32
		{3704BB20-6CDB-4EB8-9053-8D94F98E831E}.Debug|x64.ActiveCfg = Debug|x64
		{3704BB20-6CDB-4EB8-9053-8D94F98E831E}.Debug|x64.Build.0 = Debug|x64
		{3704BB20-6CDB-4EB8-9053-8D94F98E831E}.Debug|x86.ActiveCfg = Debug|Win32
		{3704BB20-6CDB-4EB8-9053-8D94F98E831E}.Debug|x86.Build.0 = Debug|Win32
		{3704BB20-6CDB-4EB8-9053-8D94F98E831E}.Release|x64.ActiveCfg = Release|x64
		{3704BB20-6CDB-4EB8-9053-8D94F98E831E}.Release|x64.Build.0 = Release|x64
		{3704BB20-6CDB-4EB8-9053-8D94F98E831E}.Release|x86.ActiveCfg = Release|Win32
		{3704BB20-6CDB-4EB8-9053-8D94F98E831E}.Release|x86.Build.0 = Release|Win32
		{254F1853-D8F9-4816-9521-41EA32D0DB57}.Debug|x64.ActiveCfg = Debug|x64
		{254F1853-D8F9-4816-9521-41EA32D0DB57}.Debug|x64.Build.0 = Debug|x64
		{254F1853-D8F9-4816-9521-41EA32D0DB57}.Debug|x86.ActiveCfg = Debug|Win32
		{254F1853-D8F9-4816-9521-41EA32D0DB57}.Debug|x86.Build.0 = Debug|Win32
		{254F1853-D8F9-4816-9521-41EA32D0DB57}.Release|x64.ActiveCfg = Release|x64
		{254F1853-D8F9-4816-9521-41EA32D0DB57}.Release|x64.Build.0 = Release|x64
		{254F1853-D8F9-4816-9521-41EA32D0DB57}.Release|x86.ActiveCfg = Release|Win32
		{254F1853-D8F9-4816-9521-41EA32D0DB57}.Release|x86.Build.0 = Release|Win32
	EndGlobalSection
	GlobalSection(SolutionProperties) = preSolution
		HideSolutionNode = FALSE
	EndGlobalSection
	GlobalSection(ExtensibilityGlobals) = postSolution
		SolutionGuid = {AD05C237-ADA9-43F3-BBAF-6C382AC3BE98}
	EndGlobalSection
EndGlobal
